{
  "version": "5",
  "specifiers": {
    "jsr:@std/assert@*": "1.0.11",
    "jsr:@std/internal@^1.0.5": "1.0.5",
    "npm:@types/bun@latest": "1.2.3",
    "npm:@types/deno@latest": "2.2.0",
    "npm:@types/node@*": "24.2.0",
    "npm:@types/node@latest": "25.2.3",
    "npm:mitata@^1.0.34": "1.0.34"
  },
  "jsr": {
    "@std/assert@1.0.11": {
      "integrity": "2461ef3c368fe88bc60e186e7744a93112f16fd110022e113a0849e94d1c83c1",
      "dependencies": [
        "jsr:@std/internal"
      ]
    },
    "@std/internal@1.0.5": {
      "integrity": "54a546004f769c1ac9e025abd15a76b6671ddc9687e2313b67376125650dc7ba"
    }
  },
  "npm": {
    "@types/bun@1.2.3": {
      "integrity": "sha512-054h79ipETRfjtsCW9qJK8Ipof67Pw9bodFWmkfkaUaRiIQ1dIV2VTlheshlBx3mpKr0KeK8VqnMMCtgN9rQtw==",
      "dependencies": [
        "bun-types"
      ]
    },
    "@types/deno@2.2.0": {
      "integrity": "sha512-4x6M/ZSyoQy6fJeMArP0dvvNT4IOolfySyukuqqKhsLmSXDV4wGanqXIZ+xFihw3TlReS6JTa4hRG9nAZInpmw=="
    },
    "@types/node@24.2.0": {
      "integrity": "sha512-3xyG3pMCq3oYCNg7/ZP+E1ooTaGB4cG8JWRsqqOYQdbWNY4zbaV0Ennrd7stjiJEFZCaybcIgpTjJWHRfBSIDw==",
      "dependencies": [
        "undici-types@7.10.0"
      ]
    },
    "@types/node@25.2.3": {
      "integrity": "sha512-m0jEgYlYz+mDJZ2+F4v8D1AyQb+QzsNqRuI7xg1VQX/KlKS0qT9r1Mo16yo5F/MtifXFgaofIFsdFMox2SxIbQ==",
      "dependencies": [
        "undici-types@7.16.0"
      ]
    },
    "@types/ws@8.5.14": {
      "integrity": "sha512-bd/YFLW+URhBzMXurx7lWByOu+xzU9+kb3RboOteXYDfW+tr+JZa99OyNmPINEGB/ahzKrEuc8rcv4gnpJmxTw==",
      "dependencies": [
        "@types/node@24.2.0"
      ]
    },
    "bun-types@1.2.3": {
      "integrity": "sha512-P7AeyTseLKAvgaZqQrvp3RqFM3yN9PlcLuSTe7SoJOfZkER73mLdT2vEQi8U64S1YvM/ldcNiQjn0Sn7H9lGgg==",
      "dependencies": [
        "@types/node@24.2.0",
        "@types/ws"
      ]
    },
    "mitata@1.0.34": {
      "integrity": "sha512-Mc3zrtNBKIMeHSCQ0XqRLo1vbdIx1wvFV9c8NJAiyho6AjNfMY8bVhbS12bwciUdd1t4rj8099CH3N3NFahaUA=="
    },
    "undici-types@7.10.0": {
      "integrity": "sha512-t5Fy/nfn+14LuOc2KNYg75vZqClpAiqscVvMygNnlsHBFpSXdJaYtXMcdNLpl/Qvc3P2cB3s6lOV51nqsFq4ag=="
    },
    "undici-types@7.16.0": {
      "integrity": "sha512-Zz+aZWSj8LE6zoxD+xrjh4VfkIG8Ya6LvYkZqtUQGJPZjYl53ypCaUwWqo7eI0x66KBGeRo+mlBEkMSeSZ38Nw=="
    }
  },
  "workspace": {
    "packageJson": {
      "dependencies": [
        "npm:@types/bun@latest",
        "npm:@types/deno@latest",
        "npm:@types/node@latest",
        "npm:mitata@^1.0.34"
      ]
    }
  }
}
